
Microsoft Visual Studio Solution File, Format Version 12.00
Project("{FAE04EC0-301F-11D3-BF4B-00C04F79EFBC}") = "TimeTracker.API", "TimeTracker.API\TimeTracker.API.csproj", "{EE54DE62-47BF-461E-BD09-BF504E7FB868}"
EndProject
Project("{FAE04EC0-301F-11D3-BF4B-00C04F79EFBC}") = "TimeTracker.Core", "TimeTracker.Core\TimeTracker.Core.csproj", "{E3C9616F-A2F6-4745-818F-CECF225C3742}"
EndProject
Project("{FAE04EC0-301F-11D3-BF4B-00C04F79EFBC}") = "TimeTracker.Data", "TimeTracker.Data\TimeTracker.Data.csproj", "{FFFA9C29-4364-42DA-8AF6-20A1C1B0D0B3}"
EndProject
Project("{FAE04EC0-301F-11D3-BF4B-00C04F79EFBC}") = "TimeTracker.Tests", "TimeTracker.Tests\TimeTracker.Tests.csproj", "{EC03E1D2-1C08-4713-A36D-0FCE5BFED846}"
EndProject
Global
	GlobalSection(SolutionConfigurationPlatforms) = preSolution
		Debug|Any CPU = Debug|Any CPU
		Release|Any CPU = Release|Any CPU
	EndGlobalSection
	GlobalSection(ProjectConfigurationPlatforms) = postSolution
		{EE54DE62-47BF-461E-BD09-BF504E7FB868}.Debug|Any CPU.ActiveCfg = Debug|Any CPU
		{EE54DE62-47BF-461E-BD09-BF504E7FB868}.Debug|Any CPU.Build.0 = Debug|Any CPU
		{EE54DE62-47BF-461E-BD09-BF504E7FB868}.Release|Any CPU.ActiveCfg = Release|Any CPU
		{EE54DE62-47BF-461E-BD09-BF504E7FB868}.Release|Any CPU.Build.0 = Release|Any CPU
		{E3C9616F-A2F6-4745-818F-CECF225C3742}.Debug|Any CPU.ActiveCfg = Debug|Any CPU
		{E3C9616F-A2F6-4745-818F-CECF225C3742}.Debug|Any CPU.Build.0 = Debug|Any CPU
		{E3C9616F-A2F6-4745-818F-CECF225C3742}.Release|Any CPU.ActiveCfg = Release|Any CPU
		{E3C9616F-A2F6-4745-818F-CECF225C3742}.Release|Any CPU.Build.0 = Release|Any CPU
		{FFFA9C29-4364-42DA-8AF6-20A1C1B0D0B3}.Debug|Any CPU.ActiveCfg = Debug|Any CPU
		{FFFA9C29-4364-42DA-8AF6-20A1C1B0D0B3}.Debug|Any CPU.Build.0 = Debug|Any CPU
		{FFFA9C29-4364-42DA-8AF6-20A1C1B0D0B3}.Release|Any CPU.ActiveCfg = Release|Any CPU
		{FFFA9C29-4364-42DA-8AF6-20A1C1B0D0B3}.Release|Any CPU.Build.0 = Release|Any CPU
		{EC03E1D2-1C08-4713-A36D-0FCE5BFED846}.Debug|Any CPU.ActiveCfg = Debug|Any CPU
		{EC03E1D2-1C08-4713-A36D-0FCE5BFED846}.Debug|Any CPU.Build.0 = Debug|Any CPU
		{EC03E1D2-1C08-4713-A36D-0FCE5BFED846}.Release|Any CPU.ActiveCfg = Release|Any CPU
		{EC03E1D2-1C08-4713-A36D-0FCE5BFED846}.Release|Any CPU.Build.0 = Release|Any CPU
	EndGlobalSection
EndGlobal
